
Microsoft Visual Studio Solution File, Format Version 12.00
# Visual Studio Version 18
VisualStudioVersion = 18.3.11222.16 d18.3
MinimumVisualStudioVersion = 10.0.40219.1
Project("{FAE04EC0-301F-11D3-BF4B-00C04F79EFBC}") = "DnD_PocketSpells", "DnD_PocketSpells.csproj", "{3F0A6EDD-C9D5-513C-EBF8-2A86BE46A9D0}"
EndProject
Global
	GlobalSection(SolutionConfigurationPlatforms) = preSolution
		Debug|Any CPU = Debug|Any CPU
		Release|Any CPU = Release|Any CPU
	EndGlobalSection
	GlobalSection(ProjectConfigurationPlatforms) = postSolution
		{3F0A6EDD-C9D5-513C-EBF8-2A86BE46A9D0}.Debug|Any CPU.ActiveCfg = Debug|Any CPU
		{3F0A6EDD-C9D5-513C-EBF8-2A86BE46A9D0}.Debug|Any CPU.Build.0 = Debug|Any CPU
		{3F0A6EDD-C9D5-513C-EBF8-2A86BE46A9D0}.Release|Any CPU.ActiveCfg = Release|Any CPU
		{3F0A6EDD-C9D5-513C-EBF8-2A86BE46A9D0}.Release|Any CPU.Build.0 = Release|Any CPU
	EndGlobalSection
	GlobalSection(SolutionProperties) = preSolution
		HideSolutionNode = FALSE
	EndGlobalSection
	GlobalSection(ExtensibilityGlobals) = postSolution
		SolutionGuid = {650EE23F-DC16-4950-9EDC-86ADF426494F}
	EndGlobalSection
EndGlobal
